
Microsoft Visual Studio Solution File, Format Version 12.00
# Visual Studio Version 16
VisualStudioVersion = 16.0.31112.23
MinimumVisualStudioVersion = 10.0.40219.1
Project("{FAE04EC0-301F-11D3-BF4B-00C04F79EFBC}") = "LinqExpr", "LinqExpr\LinqExpr.csproj", "{AD63CFBC-1D2C-4DB7-9A0E-7B367BFE9CF3}"
EndProject
Project("{FAE04EC0-301F-11D3-BF4B-00C04F79EFBC}") = "LinqExpr.Tests", "LinqExpr.Tests\LinqExpr.Tests.csproj", "{7A0375E2-CB61-4952-984F-D5FC19391028}"
EndProject
Global
	GlobalSection(SolutionConfigurationPlatforms) = preSolution
		Debug|Any CPU = Debug|Any CPU
		Release|Any CPU = Release|Any CPU
	EndGlobalSection
	GlobalSection(ProjectConfigurationPlatforms) = postSolution
		{AD63CFBC-1D2C-4DB7-9A0E-7B367BFE9CF3}.Debug|Any CPU.ActiveCfg = Debug|Any CPU
		{AD63CFBC-1D2C-4DB7-9A0E-7B367BFE9CF3}.Debug|Any CPU.Build.0 = Debug|Any CPU
		{AD63CFBC-1D2C-4DB7-9A0E-7B367BFE9CF3}.Release|Any CPU.ActiveCfg = Release|Any CPU
		{AD63CFBC-1D2C-4DB7-9A0E-7B367BFE9CF3}.Release|Any CPU.Build.0 = Release|Any CPU
		{7A0375E2-CB61-4952-984F-D5FC19391028}.Debug|Any CPU.ActiveCfg = Debug|Any CPU
		{7A0375E2-CB61-4952-984F-D5FC19391028}.Debug|Any CPU.Build.0 = Debug|Any CPU
		{7A0375E2-CB61-4952-984F-D5FC19391028}.Release|Any CPU.ActiveCfg = Release|Any CPU
		{7A0375E2-CB61-4952-984F-D5FC19391028}.Release|Any CPU.Build.0 = Release|Any CPU
	EndGlobalSection
	GlobalSection(SolutionProperties) = preSolution
		HideSolutionNode = FALSE
	EndGlobalSection
	GlobalSection(ExtensibilityGlobals) = postSolution
		SolutionGuid = {CF5783A0-EF45-456F-B3A5-B964603D0110}
	EndGlobalSection
EndGlobal
